Microsoft Visual Studio Solution File, Format Version 12.00
# Visual Studio Version 17
VisualStudioVersion = 17.0.32112.339
MinimumVisualStudioVersion = 10.0.40219.1
Project("{9A19103F-16F7-4668-BE54-9A1E7A4F7556}") = "EvoSC.Tests", "tests\EvoSC.Tests\EvoSC.Tests.csproj", "{509D2739-D17C-4C20-969F-30EC4DE36DB9}"
EndProject
Project("{FAE04EC0-301F-11D3-BF4B-00C04F79EFBC}") = "EvoSC.Common", "src\EvoSC.Common\EvoSC.Common.csproj", "{CC4D3C92-46D2-4F66-A9F4-1134B8B95EE5}"
EndProject
Project("{2150E333-8FDC-42A3-9474-1A3956D46DE8}") = "Tests", "Tests", "{46D790A2-EA9B-44A0-ABD2-A2A2CDC670D4}"
EndProject
Project("{FAE04EC0-301F-11D3-BF4B-00C04F79EFBC}") = "EvoSC.CLI", "src\EvoSC.CLI\EvoSC.CLI.csproj", "{38EE6094-4F72-4405-AC76-ED43521B2AF7}"
EndProject
Project("{FAE04EC0-301F-11D3-BF4B-00C04F79EFBC}") = "EvoSC", "src\EvoSC\EvoSC.csproj", "{89E09B46-B31C-473E-AD6F-E43E04285125}"
EndProject
Project("{FAE04EC0-301F-11D3-BF4B-00C04F79EFBC}") = "EvoSC.CLI.Tests", "tests\EvoSC.CLI.Tests\EvoSC.CLI.Tests.csproj", "{4B574E49-9840-4548-A75D-C538FC691444}"
EndProject
Project("{FAE04EC0-301F-11D3-BF4B-00C04F79EFBC}") = "EvoSC.Common.Tests", "tests\EvoSC.Common.Tests\EvoSC.Common.Tests.csproj", "{A9A7689C-3848-47B7-A718-554BB0778B97}"
EndProject
Project("{FAE04EC0-301F-11D3-BF4B-00C04F79EFBC}") = "EvoSC.Modules", "src\EvoSC.Modules\EvoSC.Modules.csproj", "{30365FB7-7E09-49A8-85AE-AA280365784A}"
EndProject
Project("{FAE04EC0-301F-11D3-BF4B-00C04F79EFBC}") = "EvoSC.Commands", "src\EvoSC.Commands\EvoSC.Commands.csproj", "{AF7C5B3F-5FB5-49E3-83E6-809AB0FFBBE3}"
EndProject
Project("{2150E333-8FDC-42A3-9474-1A3956D46DE8}") = "Modules", "Modules", "{DC47658A-F421-4BA4-B617-090A7DFB3900}"
EndProject
Project("{FAE04EC0-301F-11D3-BF4B-00C04F79EFBC}") = "Player", "src\Modules\Player\Player.csproj", "{6B5E0AB1-6E1E-40B5-9AA9-DAE9E6545FD3}"
EndProject
Project("{FAE04EC0-301F-11D3-BF4B-00C04F79EFBC}") = "ExampleModule", "src\Modules\ExampleModule\ExampleModule.csproj", "{EB9804D1-3521-4FAB-BBEE-E41361B05A93}"
EndProject
Project("{FAE04EC0-301F-11D3-BF4B-00C04F79EFBC}") = "EvoSC.Commands.Tests", "tests\EvoSC.Commands.Tests\EvoSC.Commands.Tests.csproj", "{812778D8-BAEA-4045-8D5D-77AF0CE8401B}"
EndProject
Project("{FAE04EC0-301F-11D3-BF4B-00C04F79EFBC}") = "MapsModule", "src\Modules\MapsModule\MapsModule.csproj", "{2CC15B84-5D59-4300-9146-282181D72C53}"
EndProject
Project("{2150E333-8FDC-42A3-9474-1A3956D46DE8}") = "Examples", "Examples", "{0CD963D2-392E-4A42-A853-532F7497C305}"
EndProject
Project("{FAE04EC0-301F-11D3-BF4B-00C04F79EFBC}") = "SimpleModule", "examples\SimpleModule\SimpleModule.csproj", "{EEE1BE1A-4447-4BD5-B6CA-2228C64E9BC8}"
EndProject
Project("{FAE04EC0-301F-11D3-BF4B-00C04F79EFBC}") = "EvoSC.Modules.SourceGeneration", "src\EvoSC.Modules.SourceGeneration\EvoSC.Modules.SourceGeneration.csproj", "{5C281145-BAC2-4999-B88B-41CE288758E4}"
EndProject
Project("{FAE04EC0-301F-11D3-BF4B-00C04F79EFBC}") = "PlayerRecords", "src\Modules\PlayerRecords\PlayerRecords.csproj", "{65F8436A-614F-41B2-9D6E-2960C2A78865}"
EndProject
Project("{FAE04EC0-301F-11D3-BF4B-00C04F79EFBC}") = "MatchManagerModule", "src\Modules\MatchManagerModule\MatchManagerModule.csproj", "{F33FBDCE-7140-4D9B-9383-76E4C2E6EC83}"
EndProject
Project("{FAE04EC0-301F-11D3-BF4B-00C04F79EFBC}") = "EvoSC.Manialinks", "src\EvoSC.Manialinks\EvoSC.Manialinks.csproj", "{713A53A3-8757-44BE-8F8F-F570B02DBABD}"
EndProject
Project("{FAE04EC0-301F-11D3-BF4B-00C04F79EFBC}") = "EvoSC.Manialinks.Tests", "tests\EvoSC.Manialinks.Tests\EvoSC.Manialinks.Tests.csproj", "{BFE27507-5B63-44B9-87EE-D2E46989F3CE}"
EndProject
Project("{FAE04EC0-301F-11D3-BF4B-00C04F79EFBC}") = "SetName", "src\Modules\SetName\SetName.csproj", "{568D81FE-858A-4052-B59B-9381E0FE604C}"
EndProject
Project("{FAE04EC0-301F-11D3-BF4B-00C04F79EFBC}") = "FastestCpModule", "src\Modules\FastestCpModule\FastestCpModule.csproj", "{9E1335F9-6C39-4B3F-9CEB-A65EEDDF798D}"
EndProject
Project("{2150E333-8FDC-42A3-9474-1A3956D46DE8}") = "Modules", "Modules", "{6D75D6A2-6ECD-4DE4-96C5-CAD7D134407A}"
EndProject
Project("{FAE04EC0-301F-11D3-BF4B-00C04F79EFBC}") = "FastestCp.Tests", "tests\Modules\FastestCp.Tests\FastestCp.Tests.csproj", "{65E0FCC8-1908-409E-8214-9A9F5EC29402}"
EndProject
Project("{FAE04EC0-301F-11D3-BF4B-00C04F79EFBC}") = "CurrentMapModule", "src\Modules\CurrentMapModule\CurrentMapModule.csproj", "{75867550-1DE2-4FBB-9FC1-BA840984AF49}"
EndProject
Project("{FAE04EC0-301F-11D3-BF4B-00C04F79EFBC}") = "CurrentMapModule.Tests", "tests\Modules\CurrentMapModule.Tests\CurrentMapModule.Tests.csproj", "{B684B864-31BF-407E-9ED9-A95D32BC4FE2}"
EndProject
Project("{FAE04EC0-301F-11D3-BF4B-00C04F79EFBC}") = "Player.Tests", "tests\Modules\Player.Tests\Player.Tests.csproj", "{BA828B35-E9B7-4F18-B139-7F000B267D4C}"
EndProject
Project("{FAE04EC0-301F-11D3-BF4B-00C04F79EFBC}") = "EvoSC.Testing", "src\EvoSC.Testing\EvoSC.Testing.csproj", "{CB5A943B-CE07-48F4-BCE3-04BE895F46AB}"
EndProject
Project("{FAE04EC0-301F-11D3-BF4B-00C04F79EFBC}") = "MapsModule.Tests", "tests\Modules\MapsModule.Tests\MapsModule.Tests.csproj", "{42628040-A753-48AC-A1B8-0FB90D2BD278}"
EndProject
Project("{FAE04EC0-301F-11D3-BF4B-00C04F79EFBC}") = "SetName.Tests", "tests\Modules\SetName.Tests\SetName.Tests.csproj", "{7EECB9FB-A6B0-4C3F-95B6-8ADD86ADF8B8}"
EndProject
Project("{FAE04EC0-301F-11D3-BF4B-00C04F79EFBC}") = "EvoSC.Testing.Tests", "tests\EvoSC.Testing.Tests\EvoSC.Testing.Tests.csproj", "{3BD1A79F-D464-4103-81FD-21E88E5B08A3}"
EndProject
Project("{FAE04EC0-301F-11D3-BF4B-00C04F79EFBC}") = "MotdModule", "src\Modules\MotdModule\MotdModule.csproj", "{EB83D7C7-7070-4035-8CB8-70A764AF7670}"
EndProject
Project("{FAE04EC0-301F-11D3-BF4B-00C04F79EFBC}") = "MotdModule.Tests", "tests\Modules\MotdModule.Tests\MotdModule.Tests.csproj", "{05630598-5446-4940-B2AA-FC6C0DD94A10}"
EndProject
Project("{FAE04EC0-301F-11D3-BF4B-00C04F79EFBC}") = "LiveRankingModule", "src\Modules\LiveRankingModule\LiveRankingModule.csproj", "{00B0132F-E0B0-46BB-844E-7B4F27A0E6C7}"
EndProject
Project("{FAE04EC0-301F-11D3-BF4B-00C04F79EFBC}") = "ASayModule.Tests", "tests\Modules\ASayModule.Tests\ASayModule.Tests.csproj", "{6C926D82-E1E6-45CA-B92D-2C4F5D664CD0}"
EndProject
Project("{FAE04EC0-301F-11D3-BF4B-00C04F79EFBC}") = "OpenPlanetModule", "src\Modules\OpenPlanetModule\OpenPlanetModule.csproj", "{B3B78CE6-2EE5-4175-911B-C33792F5745A}"
EndProject
Project("{FAE04EC0-301F-11D3-BF4B-00C04F79EFBC}") = "OpenPlanetModule.Tests", "tests\Modules\OpenPlanetModule.Tests\OpenPlanetModule.Tests.csproj", "{E71BF902-1508-418A-8A01-8ECC26C10F79}"
EndProject
Project("{FAE04EC0-301F-11D3-BF4B-00C04F79EFBC}") = "MatchManagerModule.Tests", "tests\Modules\MatchManagerModule.Tests\MatchManagerModule.Tests.csproj", "{A533CF48-1BE5-4F0E-A636-941ED63DF9ED}"
EndProject
Project("{FAE04EC0-301F-11D3-BF4B-00C04F79EFBC}") = "MatchTrackerModule", "src\Modules\MatchTrackerModule\MatchTrackerModule.csproj", "{CBE9F195-758F-470D-B3BF-6B012C8216CC}"
EndProject
Project("{FAE04EC0-301F-11D3-BF4B-00C04F79EFBC}") = "MatchReadyModule", "src\Modules\MatchReadyModule\MatchReadyModule.csproj", "{0538B9AB-B556-45BF-8230-53087BA9D353}"
EndProject
Project("{FAE04EC0-301F-11D3-BF4B-00C04F79EFBC}") = "ScoreboardModule", "src\Modules\ScoreboardModule\ScoreboardModule.csproj", "{CD032D37-3BC8-4DE8-8C5B-45A0DE36932E}"
EndProject
Project("{FAE04EC0-301F-11D3-BF4B-00C04F79EFBC}") = "NextMapModule", "src\Modules\NextMapModule\NextMapModule.csproj", "{64688FA7-136C-4BB9-B716-4E96DD0AA82F}"
EndProject
Project("{FAE04EC0-301F-11D3-BF4B-00C04F79EFBC}") = "NextMapModule.Tests", "tests\Modules\NextMapModule.Tests\NextMapModule.Tests.csproj", "{6ED33E82-DE98-4246-9763-06C80EDAE6C0}"
EndProject
Project("{FAE04EC0-301F-11D3-BF4B-00C04F79EFBC}") = "MatchRankingModule", "src\Modules\MatchRankingModule\MatchRankingModule.csproj", "{A3D8F2EB-59E4-44AB-B036-4BC0DB7D2774}"
EndProject
Project("{FAE04EC0-301F-11D3-BF4B-00C04F79EFBC}") = "SpectatorTargetInfoModule", "src\Modules\SpectatorTargetInfoModule\SpectatorTargetInfoModule.csproj", "{FCC3C10E-9CA8-4DF1-A508-339678846032}"
EndProject
Project("{FAE04EC0-301F-11D3-BF4B-00C04F79EFBC}") = "ASayModule", "src\Modules\ASayModule\ASayModule.csproj", "{570CEDDA-7EBC-486D-BD5D-0A1C39DD69F8}"
EndProject
Project("{FAE04EC0-301F-11D3-BF4B-00C04F79EFBC}") = "WorldRecordModule", "src\Modules\WorldRecordModule\WorldRecordModule.csproj", "{1D3B25FA-F807-4428-A520-878A582DCF28}"
EndProject
Project("{FAE04EC0-301F-11D3-BF4B-00C04F79EFBC}") = "MatchReadyModule.Tests", "tests\Modules\MatchReadyModule.Tests\MatchReadyModule.Tests.csproj", "{42BCE01C-EBEF-4DB6-A61C-35B63C915AD3}"
EndProject
Project("{FAE04EC0-301F-11D3-BF4B-00C04F79EFBC}") = "ModuleManagerModule", "src\Modules\ModuleManagerModule\ModuleManagerModule.csproj", "{65F795D5-058D-4F8D-B8E0-BE3F64E14CDF}"
EndProject
Project("{FAE04EC0-301F-11D3-BF4B-00C04F79EFBC}") = "MatchTrackerModule.Tests", "tests\Modules\MatchTrackerModule.Tests\MatchTrackerModule.Tests.csproj", "{9EF4D340-0C49-4A15-9BCF-6CD9508AA7DE}"
EndProject
Project("{FAE04EC0-301F-11D3-BF4B-00C04F79EFBC}") = "MapQueueModule", "src/Modules/MapQueueModule/MapQueueModule.csproj", "{28C14D85-DD8A-4933-A0A0-B655682B5D02}"
EndProject
Project("{FAE04EC0-301F-11D3-BF4B-00C04F79EFBC}") = "MapQueueModuleTests", "tests\Modules\MapQueueModuleTests\MapQueueModuleTests.csproj", "{2D2D3AC6-C8BD-4615-BCC7-9A64007DB762}"
EndProject
Project("{FAE04EC0-301F-11D3-BF4B-00C04F79EFBC}") = "MapListModule", "src\Modules\MapListModule\MapListModule.csproj", "{AB316816-F301-4693-86E8-C31E78F53A59}"
EndProject
Project("{FAE04EC0-301F-11D3-BF4B-00C04F79EFBC}") = "MapListModule.Tests", "tests\Modules\MapListModule.Tests\MapListModule.Tests.csproj", "{098D1F9B-054D-4158-BB6C-AC908C4595F6}"
EndProject
Project("{FAE04EC0-301F-11D3-BF4B-00C04F79EFBC}") = "LocalRecordsModule", "src/Modules/LocalRecordsModule/LocalRecordsModule.csproj", "{1D8DBFC8-EC21-4DDA-9D88-DE7CA04C8449}"
EndProject
Project("{FAE04EC0-301F-11D3-BF4B-00C04F79EFBC}") = "LocalRecordsModule.Tests", "tests\Modules\LocalRecordsModule.Tests\LocalRecordsModule.Tests.csproj", "{7401429B-B842-4316-B7A2-B77E9AD966CB}"
EndProject
Project("{FAE04EC0-301F-11D3-BF4B-00C04F79EFBC}") = "ForceTeamModule", "src/Modules/ForceTeamModule/ForceTeamModule.csproj", "{ACFF2B23-0518-493C-93A0-08CF9FD4F8E6}"
EndProject
Project("{FAE04EC0-301F-11D3-BF4B-00C04F79EFBC}") = "ForceTeamModule.Tests", "tests\Modules\ForceTeamModule.Tests\ForceTeamModule.Tests.csproj", "{DE9532E8-F0ED-400B-9592-AF8F74BC83EB}"
EndProject
Project("{FAE04EC0-301F-11D3-BF4B-00C04F79EFBC}") = "TeamSettingsModule", "src\Modules\TeamSettingsModule\TeamSettingsModule.csproj", "{C10A11E5-4AD8-4229-81F1-57D7DC364E27}"
EndProject
Project("{FAE04EC0-301F-11D3-BF4B-00C04F79EFBC}") = "TeamSettingsModule.Tests", "tests\Modules\TeamSettingsModule.Tests\TeamSettingsModule.Tests.csproj", "{B1745099-0081-4443-BF79-26A888765E16}"
EndProject
Project("{FAE04EC0-301F-11D3-BF4B-00C04F79EFBC}") = "TeamInfoModule", "src\Modules\TeamInfoModule\TeamInfoModule.csproj", "{5E178B0D-5F29-4990-8DCF-DC7FF113C4F0}"
EndProject
Project("{FAE04EC0-301F-11D3-BF4B-00C04F79EFBC}") = "TeamInfoModule.Tests", "tests\Modules\TeamInfoModule.Tests\TeamInfoModule.Tests.csproj", "{71D8BDA5-6787-471A-8064-CEEE4203EBEF}"
EndProject
Project("{FAE04EC0-301F-11D3-BF4B-00C04F79EFBC}") = "ServerManagementModule", "src/Modules/ServerManagementModule/ServerManagementModule.csproj", "{AAE1AC39-4C4B-48A9-8B7B-08D2CD461FC1}"
EndProject
Project("{FAE04EC0-301F-11D3-BF4B-00C04F79EFBC}") = "ServerManagementModule.Tests", "tests\Modules\ServerManagementModule.Tests\ServerManagementModule.Tests.csproj", "{F8C7FE5E-B389-4BA8-B0DF-6D9D0A9B0949}"
EndProject
Project("{FAE04EC0-301F-11D3-BF4B-00C04F79EFBC}") = "GameModeUiModule", "src\Modules\GameModeUiModule\GameModeUiModule.csproj", "{5BA1FF1B-8CB0-4FF5-B6C0-4E2E323D446E}"
EndProject
Project("{FAE04EC0-301F-11D3-BF4B-00C04F79EFBC}") = "GameModeUiModule.Tests", "tests\Modules\GameModeUiModule.Tests\GameModeUiModule.Tests.csproj", "{5B515690-0F0B-44D1-B644-3524A83A17CE}"
EndProject
Project("{FAE04EC0-301F-11D3-BF4B-00C04F79EFBC}") = "LiveRankingModule.Tests", "tests\Modules\LiveRankingModule.Tests\LiveRankingModule.Tests.csproj", "{4AA1890A-1423-4831-95B2-E29B9A7A58D1}"
EndProject
Project("{FAE04EC0-301F-11D3-BF4B-00C04F79EFBC}") = "TeamChatModule", "src/Modules/TeamChatModule/TeamChatModule.csproj", "{DDB0A249-BD1C-4556-BFE1-362B17EDA874}"
EndProject
Project("{FAE04EC0-301F-11D3-BF4B-00C04F79EFBC}") = "TeamChatModule.Tests", "tests\Modules\TeamChatModule.Tests\TeamChatModule.Tests.csproj", "{7BD60D6E-7B7E-4771-87C0-7F98FC82F990}"
EndProject
Project("{FAE04EC0-301F-11D3-BF4B-00C04F79EFBC}") = "SpectatorTargetInfoModule.Tests", "tests\Modules\SpectatorTargetInfoModule.Tests\SpectatorTargetInfoModule.Tests.csproj", "{E4BF17BE-A517-4D3C-8DCA-DA99A100EBFE}"
EndProject
Project("{FAE04EC0-301F-11D3-BF4B-00C04F79EFBC}") = "SpectatorCamModeModule", "src\Modules\SpectatorCamModeModule\SpectatorCamModeModule.csproj", "{E9806703-6E24-4F05-A728-A04F7EB31749}"
EndProject
Project("{FAE04EC0-301F-11D3-BF4B-00C04F79EFBC}") = "SpectatorCamModeModule.Tests", "tests\Modules\SpectatorCamModeModule.Tests\SpectatorCamModeModule.Tests.csproj", "{09A88256-8008-4085-A8E6-CA6DEFAC63E3}"
EndProject
Project("{FAE04EC0-301F-11D3-BF4B-00C04F79EFBC}") = "ServerSyncModule", "src\Modules\ServerSyncModule\ServerSyncModule.csproj", "{AB39B49E-729D-42EF-93DE-98AD6329AAEC}"
EndProject
Project("{FAE04EC0-301F-11D3-BF4B-00C04F79EFBC}") = "ToornamentModule", "src\Modules\ToornamentModule\ToornamentModule.csproj", "{6F12A74A-BC4B-426D-B094-638FCB266FC6}"
EndProject
Project("{FAE04EC0-301F-11D3-BF4B-00C04F79EFBC}") = "ContactAdminModule", "src\Modules\ContactAdminModule\ContactAdminModule.csproj", "{056D6390-6A39-4A5B-BFCE-7694CDD4EA62}"
EndProject
Project("{FAE04EC0-301F-11D3-BF4B-00C04F79EFBC}") = "RoundRankingModule", "src\Modules\RoundRankingModule\RoundRankingModule.csproj", "{41FD20E7-5064-425F-B110-CEBD53F80ECA}"
EndProject
Project("{FAE04EC0-301F-11D3-BF4B-00C04F79EFBC}") = "RoundRankingModule.Tests", "tests\Modules\RoundRankingModule.Tests\RoundRankingModule.Tests.csproj", "{2623A6E2-125F-49B5-B8E1-5883B6E36C1A}"
EndProject







Global
	GlobalSection(SolutionConfigurationPlatforms) = preSolution
		Debug|Any CPU = Debug|Any CPU
		Release|Any CPU = Release|Any CPU
	EndGlobalSection
	GlobalSection(ProjectConfigurationPlatforms) = postSolution
		{509D2739-D17C-4C20-969F-30EC4DE36DB9}.Debug|Any CPU.ActiveCfg = Debug|Any CPU
		{509D2739-D17C-4C20-969F-30EC4DE36DB9}.Debug|Any CPU.Build.0 = Debug|Any CPU
		{509D2739-D17C-4C20-969F-30EC4DE36DB9}.Release|Any CPU.ActiveCfg = Release|Any CPU
		{509D2739-D17C-4C20-969F-30EC4DE36DB9}.Release|Any CPU.Build.0 = Release|Any CPU
		{CC4D3C92-46D2-4F66-A9F4-1134B8B95EE5}.Debug|Any CPU.ActiveCfg = Debug|Any CPU
		{CC4D3C92-46D2-4F66-A9F4-1134B8B95EE5}.Debug|Any CPU.Build.0 = Debug|Any CPU
		{CC4D3C92-46D2-4F66-A9F4-1134B8B95EE5}.Release|Any CPU.ActiveCfg = Release|Any CPU
		{CC4D3C92-46D2-4F66-A9F4-1134B8B95EE5}.Release|Any CPU.Build.0 = Release|Any CPU
		{38EE6094-4F72-4405-AC76-ED43521B2AF7}.Debug|Any CPU.ActiveCfg = Debug|Any CPU
		{38EE6094-4F72-4405-AC76-ED43521B2AF7}.Debug|Any CPU.Build.0 = Debug|Any CPU
		{38EE6094-4F72-4405-AC76-ED43521B2AF7}.Release|Any CPU.ActiveCfg = Release|Any CPU
		{38EE6094-4F72-4405-AC76-ED43521B2AF7}.Release|Any CPU.Build.0 = Release|Any CPU
		{89E09B46-B31C-473E-AD6F-E43E04285125}.Debug|Any CPU.ActiveCfg = Debug|Any CPU
		{89E09B46-B31C-473E-AD6F-E43E04285125}.Debug|Any CPU.Build.0 = Debug|Any CPU
		{89E09B46-B31C-473E-AD6F-E43E04285125}.Release|Any CPU.ActiveCfg = Release|Any CPU
		{89E09B46-B31C-473E-AD6F-E43E04285125}.Release|Any CPU.Build.0 = Release|Any CPU
		{4B574E49-9840-4548-A75D-C538FC691444}.Debug|Any CPU.ActiveCfg = Debug|Any CPU
		{4B574E49-9840-4548-A75D-C538FC691444}.Debug|Any CPU.Build.0 = Debug|Any CPU
		{4B574E49-9840-4548-A75D-C538FC691444}.Release|Any CPU.ActiveCfg = Release|Any CPU
		{4B574E49-9840-4548-A75D-C538FC691444}.Release|Any CPU.Build.0 = Release|Any CPU
		{A9A7689C-3848-47B7-A718-554BB0778B97}.Debug|Any CPU.ActiveCfg = Debug|Any CPU
		{A9A7689C-3848-47B7-A718-554BB0778B97}.Debug|Any CPU.Build.0 = Debug|Any CPU
		{A9A7689C-3848-47B7-A718-554BB0778B97}.Release|Any CPU.ActiveCfg = Release|Any CPU
		{A9A7689C-3848-47B7-A718-554BB0778B97}.Release|Any CPU.Build.0 = Release|Any CPU
		{30365FB7-7E09-49A8-85AE-AA280365784A}.Debug|Any CPU.ActiveCfg = Debug|Any CPU
		{30365FB7-7E09-49A8-85AE-AA280365784A}.Debug|Any CPU.Build.0 = Debug|Any CPU
		{30365FB7-7E09-49A8-85AE-AA280365784A}.Release|Any CPU.ActiveCfg = Release|Any CPU
		{30365FB7-7E09-49A8-85AE-AA280365784A}.Release|Any CPU.Build.0 = Release|Any CPU
		{AF7C5B3F-5FB5-49E3-83E6-809AB0FFBBE3}.Debug|Any CPU.ActiveCfg = Debug|Any CPU
		{AF7C5B3F-5FB5-49E3-83E6-809AB0FFBBE3}.Debug|Any CPU.Build.0 = Debug|Any CPU
		{AF7C5B3F-5FB5-49E3-83E6-809AB0FFBBE3}.Release|Any CPU.ActiveCfg = Release|Any CPU
		{AF7C5B3F-5FB5-49E3-83E6-809AB0FFBBE3}.Release|Any CPU.Build.0 = Release|Any CPU
		{6B5E0AB1-6E1E-40B5-9AA9-DAE9E6545FD3}.Debug|Any CPU.ActiveCfg = Debug|Any CPU
		{6B5E0AB1-6E1E-40B5-9AA9-DAE9E6545FD3}.Debug|Any CPU.Build.0 = Debug|Any CPU
		{6B5E0AB1-6E1E-40B5-9AA9-DAE9E6545FD3}.Release|Any CPU.ActiveCfg = Release|Any CPU
		{6B5E0AB1-6E1E-40B5-9AA9-DAE9E6545FD3}.Release|Any CPU.Build.0 = Release|Any CPU
		{EB9804D1-3521-4FAB-BBEE-E41361B05A93}.Debug|Any CPU.ActiveCfg = Debug|Any CPU
		{EB9804D1-3521-4FAB-BBEE-E41361B05A93}.Debug|Any CPU.Build.0 = Debug|Any CPU
		{EB9804D1-3521-4FAB-BBEE-E41361B05A93}.Release|Any CPU.ActiveCfg = Release|Any CPU
		{EB9804D1-3521-4FAB-BBEE-E41361B05A93}.Release|Any CPU.Build.0 = Release|Any CPU
		{812778D8-BAEA-4045-8D5D-77AF0CE8401B}.Debug|Any CPU.ActiveCfg = Debug|Any CPU
		{812778D8-BAEA-4045-8D5D-77AF0CE8401B}.Debug|Any CPU.Build.0 = Debug|Any CPU
		{812778D8-BAEA-4045-8D5D-77AF0CE8401B}.Release|Any CPU.ActiveCfg = Release|Any CPU
		{812778D8-BAEA-4045-8D5D-77AF0CE8401B}.Release|Any CPU.Build.0 = Release|Any CPU
		{2CC15B84-5D59-4300-9146-282181D72C53}.Debug|Any CPU.ActiveCfg = Debug|Any CPU
		{2CC15B84-5D59-4300-9146-282181D72C53}.Debug|Any CPU.Build.0 = Debug|Any CPU
		{2CC15B84-5D59-4300-9146-282181D72C53}.Release|Any CPU.ActiveCfg = Release|Any CPU
		{2CC15B84-5D59-4300-9146-282181D72C53}.Release|Any CPU.Build.0 = Release|Any CPU
		{EEE1BE1A-4447-4BD5-B6CA-2228C64E9BC8}.Debug|Any CPU.ActiveCfg = Debug|Any CPU
		{EEE1BE1A-4447-4BD5-B6CA-2228C64E9BC8}.Debug|Any CPU.Build.0 = Debug|Any CPU
		{EEE1BE1A-4447-4BD5-B6CA-2228C64E9BC8}.Release|Any CPU.ActiveCfg = Release|Any CPU
		{EEE1BE1A-4447-4BD5-B6CA-2228C64E9BC8}.Release|Any CPU.Build.0 = Release|Any CPU
		{5C281145-BAC2-4999-B88B-41CE288758E4}.Debug|Any CPU.ActiveCfg = Debug|Any CPU
		{5C281145-BAC2-4999-B88B-41CE288758E4}.Debug|Any CPU.Build.0 = Debug|Any CPU
		{5C281145-BAC2-4999-B88B-41CE288758E4}.Release|Any CPU.ActiveCfg = Release|Any CPU
		{5C281145-BAC2-4999-B88B-41CE288758E4}.Release|Any CPU.Build.0 = Release|Any CPU
		{65F8436A-614F-41B2-9D6E-2960C2A78865}.Debug|Any CPU.ActiveCfg = Debug|Any CPU
		{65F8436A-614F-41B2-9D6E-2960C2A78865}.Debug|Any CPU.Build.0 = Debug|Any CPU
		{65F8436A-614F-41B2-9D6E-2960C2A78865}.Release|Any CPU.ActiveCfg = Release|Any CPU
		{65F8436A-614F-41B2-9D6E-2960C2A78865}.Release|Any CPU.Build.0 = Release|Any CPU
		{F33FBDCE-7140-4D9B-9383-76E4C2E6EC83}.Debug|Any CPU.ActiveCfg = Debug|Any CPU
		{F33FBDCE-7140-4D9B-9383-76E4C2E6EC83}.Debug|Any CPU.Build.0 = Debug|Any CPU
		{F33FBDCE-7140-4D9B-9383-76E4C2E6EC83}.Release|Any CPU.ActiveCfg = Release|Any CPU
		{F33FBDCE-7140-4D9B-9383-76E4C2E6EC83}.Release|Any CPU.Build.0 = Release|Any CPU
		{713A53A3-8757-44BE-8F8F-F570B02DBABD}.Debug|Any CPU.ActiveCfg = Debug|Any CPU
		{713A53A3-8757-44BE-8F8F-F570B02DBABD}.Debug|Any CPU.Build.0 = Debug|Any CPU
		{713A53A3-8757-44BE-8F8F-F570B02DBABD}.Release|Any CPU.ActiveCfg = Release|Any CPU
		{713A53A3-8757-44BE-8F8F-F570B02DBABD}.Release|Any CPU.Build.0 = Release|Any CPU
		{BFE27507-5B63-44B9-87EE-D2E46989F3CE}.Debug|Any CPU.ActiveCfg = Debug|Any CPU
		{BFE27507-5B63-44B9-87EE-D2E46989F3CE}.Debug|Any CPU.Build.0 = Debug|Any CPU
		{BFE27507-5B63-44B9-87EE-D2E46989F3CE}.Release|Any CPU.ActiveCfg = Release|Any CPU
		{BFE27507-5B63-44B9-87EE-D2E46989F3CE}.Release|Any CPU.Build.0 = Release|Any CPU
		{568D81FE-858A-4052-B59B-9381E0FE604C}.Debug|Any CPU.ActiveCfg = Debug|Any CPU
		{568D81FE-858A-4052-B59B-9381E0FE604C}.Debug|Any CPU.Build.0 = Debug|Any CPU
		{568D81FE-858A-4052-B59B-9381E0FE604C}.Release|Any CPU.ActiveCfg = Release|Any CPU
		{568D81FE-858A-4052-B59B-9381E0FE604C}.Release|Any CPU.Build.0 = Release|Any CPU
		{9E1335F9-6C39-4B3F-9CEB-A65EEDDF798D}.Debug|Any CPU.ActiveCfg = Debug|Any CPU
		{9E1335F9-6C39-4B3F-9CEB-A65EEDDF798D}.Debug|Any CPU.Build.0 = Debug|Any CPU
		{9E1335F9-6C39-4B3F-9CEB-A65EEDDF798D}.Release|Any CPU.ActiveCfg = Release|Any CPU
		{9E1335F9-6C39-4B3F-9CEB-A65EEDDF798D}.Release|Any CPU.Build.0 = Release|Any CPU
		{65E0FCC8-1908-409E-8214-9A9F5EC29402}.Debug|Any CPU.ActiveCfg = Debug|Any CPU
		{65E0FCC8-1908-409E-8214-9A9F5EC29402}.Debug|Any CPU.Build.0 = Debug|Any CPU
		{65E0FCC8-1908-409E-8214-9A9F5EC29402}.Release|Any CPU.ActiveCfg = Release|Any CPU
		{65E0FCC8-1908-409E-8214-9A9F5EC29402}.Release|Any CPU.Build.0 = Release|Any CPU
		{75867550-1DE2-4FBB-9FC1-BA840984AF49}.Debug|Any CPU.ActiveCfg = Debug|Any CPU
		{75867550-1DE2-4FBB-9FC1-BA840984AF49}.Debug|Any CPU.Build.0 = Debug|Any CPU
		{75867550-1DE2-4FBB-9FC1-BA840984AF49}.Release|Any CPU.ActiveCfg = Release|Any CPU
		{75867550-1DE2-4FBB-9FC1-BA840984AF49}.Release|Any CPU.Build.0 = Release|Any CPU
		{B684B864-31BF-407E-9ED9-A95D32BC4FE2}.Debug|Any CPU.ActiveCfg = Debug|Any CPU
		{B684B864-31BF-407E-9ED9-A95D32BC4FE2}.Debug|Any CPU.Build.0 = Debug|Any CPU
		{B684B864-31BF-407E-9ED9-A95D32BC4FE2}.Release|Any CPU.ActiveCfg = Release|Any CPU
		{B684B864-31BF-407E-9ED9-A95D32BC4FE2}.Release|Any CPU.Build.0 = Release|Any CPU
		{BA828B35-E9B7-4F18-B139-7F000B267D4C}.Debug|Any CPU.ActiveCfg = Debug|Any CPU
		{BA828B35-E9B7-4F18-B139-7F000B267D4C}.Debug|Any CPU.Build.0 = Debug|Any CPU
		{BA828B35-E9B7-4F18-B139-7F000B267D4C}.Release|Any CPU.ActiveCfg = Release|Any CPU
		{BA828B35-E9B7-4F18-B139-7F000B267D4C}.Release|Any CPU.Build.0 = Release|Any CPU
		{CB5A943B-CE07-48F4-BCE3-04BE895F46AB}.Debug|Any CPU.ActiveCfg = Debug|Any CPU
		{CB5A943B-CE07-48F4-BCE3-04BE895F46AB}.Debug|Any CPU.Build.0 = Debug|Any CPU
		{CB5A943B-CE07-48F4-BCE3-04BE895F46AB}.Release|Any CPU.ActiveCfg = Release|Any CPU
		{CB5A943B-CE07-48F4-BCE3-04BE895F46AB}.Release|Any CPU.Build.0 = Release|Any CPU
		{42628040-A753-48AC-A1B8-0FB90D2BD278}.Debug|Any CPU.ActiveCfg = Debug|Any CPU
		{42628040-A753-48AC-A1B8-0FB90D2BD278}.Debug|Any CPU.Build.0 = Debug|Any CPU
		{42628040-A753-48AC-A1B8-0FB90D2BD278}.Release|Any CPU.ActiveCfg = Release|Any CPU
		{42628040-A753-48AC-A1B8-0FB90D2BD278}.Release|Any CPU.Build.0 = Release|Any CPU
		{7EECB9FB-A6B0-4C3F-95B6-8ADD86ADF8B8}.Debug|Any CPU.ActiveCfg = Debug|Any CPU
		{7EECB9FB-A6B0-4C3F-95B6-8ADD86ADF8B8}.Debug|Any CPU.Build.0 = Debug|Any CPU
		{7EECB9FB-A6B0-4C3F-95B6-8ADD86ADF8B8}.Release|Any CPU.ActiveCfg = Release|Any CPU
		{7EECB9FB-A6B0-4C3F-95B6-8ADD86ADF8B8}.Release|Any CPU.Build.0 = Release|Any CPU
		{3BD1A79F-D464-4103-81FD-21E88E5B08A3}.Debug|Any CPU.ActiveCfg = Debug|Any CPU
		{3BD1A79F-D464-4103-81FD-21E88E5B08A3}.Debug|Any CPU.Build.0 = Debug|Any CPU
		{3BD1A79F-D464-4103-81FD-21E88E5B08A3}.Release|Any CPU.ActiveCfg = Release|Any CPU
		{3BD1A79F-D464-4103-81FD-21E88E5B08A3}.Release|Any CPU.Build.0 = Release|Any CPU
		{EB83D7C7-7070-4035-8CB8-70A764AF7670}.Debug|Any CPU.ActiveCfg = Debug|Any CPU
		{EB83D7C7-7070-4035-8CB8-70A764AF7670}.Debug|Any CPU.Build.0 = Debug|Any CPU
		{EB83D7C7-7070-4035-8CB8-70A764AF7670}.Release|Any CPU.ActiveCfg = Release|Any CPU
		{EB83D7C7-7070-4035-8CB8-70A764AF7670}.Release|Any CPU.Build.0 = Release|Any CPU
		{05630598-5446-4940-B2AA-FC6C0DD94A10}.Debug|Any CPU.ActiveCfg = Debug|Any CPU
		{05630598-5446-4940-B2AA-FC6C0DD94A10}.Debug|Any CPU.Build.0 = Debug|Any CPU
		{05630598-5446-4940-B2AA-FC6C0DD94A10}.Release|Any CPU.ActiveCfg = Release|Any CPU
		{05630598-5446-4940-B2AA-FC6C0DD94A10}.Release|Any CPU.Build.0 = Release|Any CPU
		{B684B864-31BF-407E-9ED9-A95D32BC4FE2}.Release|Any CPU.Build.0 = Release|Any CPU
		{B3B78CE6-2EE5-4175-911B-C33792F5745A}.Debug|Any CPU.ActiveCfg = Debug|Any CPU
		{B3B78CE6-2EE5-4175-911B-C33792F5745A}.Debug|Any CPU.Build.0 = Debug|Any CPU
		{B3B78CE6-2EE5-4175-911B-C33792F5745A}.Release|Any CPU.ActiveCfg = Release|Any CPU
		{B3B78CE6-2EE5-4175-911B-C33792F5745A}.Release|Any CPU.Build.0 = Release|Any CPU
		{E71BF902-1508-418A-8A01-8ECC26C10F79}.Debug|Any CPU.ActiveCfg = Debug|Any CPU
		{E71BF902-1508-418A-8A01-8ECC26C10F79}.Debug|Any CPU.Build.0 = Debug|Any CPU
		{E71BF902-1508-418A-8A01-8ECC26C10F79}.Release|Any CPU.ActiveCfg = Release|Any CPU
		{E71BF902-1508-418A-8A01-8ECC26C10F79}.Release|Any CPU.Build.0 = Release|Any CPU
		{CD032D37-3BC8-4DE8-8C5B-45A0DE36932E}.Debug|Any CPU.ActiveCfg = Debug|Any CPU
		{CD032D37-3BC8-4DE8-8C5B-45A0DE36932E}.Debug|Any CPU.Build.0 = Debug|Any CPU
		{CD032D37-3BC8-4DE8-8C5B-45A0DE36932E}.Release|Any CPU.ActiveCfg = Release|Any CPU
		{CD032D37-3BC8-4DE8-8C5B-45A0DE36932E}.Release|Any CPU.Build.0 = Release|Any CPU
		{64688FA7-136C-4BB9-B716-4E96DD0AA82F}.Debug|Any CPU.ActiveCfg = Debug|Any CPU
		{64688FA7-136C-4BB9-B716-4E96DD0AA82F}.Debug|Any CPU.Build.0 = Debug|Any CPU
		{64688FA7-136C-4BB9-B716-4E96DD0AA82F}.Release|Any CPU.ActiveCfg = Release|Any CPU
		{64688FA7-136C-4BB9-B716-4E96DD0AA82F}.Release|Any CPU.Build.0 = Release|Any CPU
		{6ED33E82-DE98-4246-9763-06C80EDAE6C0}.Debug|Any CPU.ActiveCfg = Debug|Any CPU
		{6ED33E82-DE98-4246-9763-06C80EDAE6C0}.Debug|Any CPU.Build.0 = Debug|Any CPU
		{6ED33E82-DE98-4246-9763-06C80EDAE6C0}.Release|Any CPU.ActiveCfg = Release|Any CPU
		{6ED33E82-DE98-4246-9763-06C80EDAE6C0}.Release|Any CPU.Build.0 = Release|Any CPU
		{B684B864-31BF-407E-9ED9-A95D32BC4FE2}.Release|Any CPU.Build.0 = Release|Any CPU
		{00B0132F-E0B0-46BB-844E-7B4F27A0E6C7}.Debug|Any CPU.ActiveCfg = Debug|Any CPU
		{00B0132F-E0B0-46BB-844E-7B4F27A0E6C7}.Debug|Any CPU.Build.0 = Debug|Any CPU
		{00B0132F-E0B0-46BB-844E-7B4F27A0E6C7}.Release|Any CPU.ActiveCfg = Release|Any CPU
		{00B0132F-E0B0-46BB-844E-7B4F27A0E6C7}.Release|Any CPU.Build.0 = Release|Any CPU
		{6C926D82-E1E6-45CA-B92D-2C4F5D664CD0}.Debug|Any CPU.ActiveCfg = Debug|Any CPU
		{6C926D82-E1E6-45CA-B92D-2C4F5D664CD0}.Debug|Any CPU.Build.0 = Debug|Any CPU
		{6C926D82-E1E6-45CA-B92D-2C4F5D664CD0}.Release|Any CPU.ActiveCfg = Release|Any CPU
		{6C926D82-E1E6-45CA-B92D-2C4F5D664CD0}.Release|Any CPU.Build.0 = Release|Any CPU
		{A3D8F2EB-59E4-44AB-B036-4BC0DB7D2774}.Debug|Any CPU.ActiveCfg = Debug|Any CPU
		{A3D8F2EB-59E4-44AB-B036-4BC0DB7D2774}.Debug|Any CPU.Build.0 = Debug|Any CPU
		{A3D8F2EB-59E4-44AB-B036-4BC0DB7D2774}.Release|Any CPU.ActiveCfg = Release|Any CPU
		{A3D8F2EB-59E4-44AB-B036-4BC0DB7D2774}.Release|Any CPU.Build.0 = Release|Any CPU
		{FCC3C10E-9CA8-4DF1-A508-339678846032}.Debug|Any CPU.ActiveCfg = Debug|Any CPU
		{FCC3C10E-9CA8-4DF1-A508-339678846032}.Debug|Any CPU.Build.0 = Debug|Any CPU
		{FCC3C10E-9CA8-4DF1-A508-339678846032}.Release|Any CPU.ActiveCfg = Release|Any CPU
		{FCC3C10E-9CA8-4DF1-A508-339678846032}.Release|Any CPU.Build.0 = Release|Any CPU
		{A533CF48-1BE5-4F0E-A636-941ED63DF9ED}.Debug|Any CPU.ActiveCfg = Debug|Any CPU
		{A533CF48-1BE5-4F0E-A636-941ED63DF9ED}.Debug|Any CPU.Build.0 = Debug|Any CPU
		{A533CF48-1BE5-4F0E-A636-941ED63DF9ED}.Release|Any CPU.ActiveCfg = Release|Any CPU
		{A533CF48-1BE5-4F0E-A636-941ED63DF9ED}.Release|Any CPU.Build.0 = Release|Any CPU
		{CBE9F195-758F-470D-B3BF-6B012C8216CC}.Debug|Any CPU.ActiveCfg = Debug|Any CPU
		{CBE9F195-758F-470D-B3BF-6B012C8216CC}.Debug|Any CPU.Build.0 = Debug|Any CPU
		{CBE9F195-758F-470D-B3BF-6B012C8216CC}.Release|Any CPU.ActiveCfg = Release|Any CPU
		{CBE9F195-758F-470D-B3BF-6B012C8216CC}.Release|Any CPU.Build.0 = Release|Any CPU
		{0538B9AB-B556-45BF-8230-53087BA9D353}.Debug|Any CPU.ActiveCfg = Debug|Any CPU
		{0538B9AB-B556-45BF-8230-53087BA9D353}.Debug|Any CPU.Build.0 = Debug|Any CPU
		{0538B9AB-B556-45BF-8230-53087BA9D353}.Release|Any CPU.ActiveCfg = Release|Any CPU
		{0538B9AB-B556-45BF-8230-53087BA9D353}.Release|Any CPU.Build.0 = Release|Any CPU
		{570CEDDA-7EBC-486D-BD5D-0A1C39DD69F8}.Debug|Any CPU.ActiveCfg = Debug|Any CPU
		{570CEDDA-7EBC-486D-BD5D-0A1C39DD69F8}.Debug|Any CPU.Build.0 = Debug|Any CPU
		{570CEDDA-7EBC-486D-BD5D-0A1C39DD69F8}.Release|Any CPU.ActiveCfg = Release|Any CPU
		{570CEDDA-7EBC-486D-BD5D-0A1C39DD69F8}.Release|Any CPU.Build.0 = Release|Any CPU
		{1D3B25FA-F807-4428-A520-878A582DCF28}.Debug|Any CPU.ActiveCfg = Debug|Any CPU
		{1D3B25FA-F807-4428-A520-878A582DCF28}.Debug|Any CPU.Build.0 = Debug|Any CPU
		{1D3B25FA-F807-4428-A520-878A582DCF28}.Release|Any CPU.ActiveCfg = Release|Any CPU
		{1D3B25FA-F807-4428-A520-878A582DCF28}.Release|Any CPU.Build.0 = Release|Any CPU
		{42BCE01C-EBEF-4DB6-A61C-35B63C915AD3}.Debug|Any CPU.ActiveCfg = Debug|Any CPU
		{42BCE01C-EBEF-4DB6-A61C-35B63C915AD3}.Debug|Any CPU.Build.0 = Debug|Any CPU
		{42BCE01C-EBEF-4DB6-A61C-35B63C915AD3}.Release|Any CPU.ActiveCfg = Release|Any CPU
		{42BCE01C-EBEF-4DB6-A61C-35B63C915AD3}.Release|Any CPU.Build.0 = Release|Any CPU
		{65F795D5-058D-4F8D-B8E0-BE3F64E14CDF}.Debug|Any CPU.ActiveCfg = Debug|Any CPU
		{65F795D5-058D-4F8D-B8E0-BE3F64E14CDF}.Debug|Any CPU.Build.0 = Debug|Any CPU
		{65F795D5-058D-4F8D-B8E0-BE3F64E14CDF}.Release|Any CPU.ActiveCfg = Release|Any CPU
		{65F795D5-058D-4F8D-B8E0-BE3F64E14CDF}.Release|Any CPU.Build.0 = Release|Any CPU
		{9EF4D340-0C49-4A15-9BCF-6CD9508AA7DE}.Debug|Any CPU.ActiveCfg = Debug|Any CPU
		{9EF4D340-0C49-4A15-9BCF-6CD9508AA7DE}.Debug|Any CPU.Build.0 = Debug|Any CPU
		{9EF4D340-0C49-4A15-9BCF-6CD9508AA7DE}.Release|Any CPU.ActiveCfg = Release|Any CPU
		{9EF4D340-0C49-4A15-9BCF-6CD9508AA7DE}.Release|Any CPU.Build.0 = Release|Any CPU
		{28C14D85-DD8A-4933-A0A0-B655682B5D02}.Debug|Any CPU.ActiveCfg = Debug|Any CPU
		{28C14D85-DD8A-4933-A0A0-B655682B5D02}.Debug|Any CPU.Build.0 = Debug|Any CPU
		{28C14D85-DD8A-4933-A0A0-B655682B5D02}.Release|Any CPU.ActiveCfg = Release|Any CPU
		{28C14D85-DD8A-4933-A0A0-B655682B5D02}.Release|Any CPU.Build.0 = Release|Any CPU
		{2D2D3AC6-C8BD-4615-BCC7-9A64007DB762}.Debug|Any CPU.ActiveCfg = Debug|Any CPU
		{2D2D3AC6-C8BD-4615-BCC7-9A64007DB762}.Debug|Any CPU.Build.0 = Debug|Any CPU
		{2D2D3AC6-C8BD-4615-BCC7-9A64007DB762}.Release|Any CPU.ActiveCfg = Release|Any CPU
		{2D2D3AC6-C8BD-4615-BCC7-9A64007DB762}.Release|Any CPU.Build.0 = Release|Any CPU
		{AB316816-F301-4693-86E8-C31E78F53A59}.Debug|Any CPU.ActiveCfg = Debug|Any CPU
		{AB316816-F301-4693-86E8-C31E78F53A59}.Debug|Any CPU.Build.0 = Debug|Any CPU
		{AB316816-F301-4693-86E8-C31E78F53A59}.Release|Any CPU.ActiveCfg = Release|Any CPU
		{AB316816-F301-4693-86E8-C31E78F53A59}.Release|Any CPU.Build.0 = Release|Any CPU
		{098D1F9B-054D-4158-BB6C-AC908C4595F6}.Debug|Any CPU.ActiveCfg = Debug|Any CPU
		{098D1F9B-054D-4158-BB6C-AC908C4595F6}.Debug|Any CPU.Build.0 = Debug|Any CPU
		{098D1F9B-054D-4158-BB6C-AC908C4595F6}.Release|Any CPU.ActiveCfg = Release|Any CPU
		{098D1F9B-054D-4158-BB6C-AC908C4595F6}.Release|Any CPU.Build.0 = Release|Any CPU
		{1D8DBFC8-EC21-4DDA-9D88-DE7CA04C8449}.Debug|Any CPU.ActiveCfg = Debug|Any CPU
		{1D8DBFC8-EC21-4DDA-9D88-DE7CA04C8449}.Debug|Any CPU.Build.0 = Debug|Any CPU
		{1D8DBFC8-EC21-4DDA-9D88-DE7CA04C8449}.Release|Any CPU.ActiveCfg = Release|Any CPU
		{1D8DBFC8-EC21-4DDA-9D88-DE7CA04C8449}.Release|Any CPU.Build.0 = Release|Any CPU
		{7401429B-B842-4316-B7A2-B77E9AD966CB}.Debug|Any CPU.ActiveCfg = Debug|Any CPU
		{7401429B-B842-4316-B7A2-B77E9AD966CB}.Debug|Any CPU.Build.0 = Debug|Any CPU
		{7401429B-B842-4316-B7A2-B77E9AD966CB}.Release|Any CPU.ActiveCfg = Release|Any CPU
		{7401429B-B842-4316-B7A2-B77E9AD966CB}.Release|Any CPU.Build.0 = Release|Any CPU
		{ACFF2B23-0518-493C-93A0-08CF9FD4F8E6}.Debug|Any CPU.ActiveCfg = Debug|Any CPU
		{ACFF2B23-0518-493C-93A0-08CF9FD4F8E6}.Debug|Any CPU.Build.0 = Debug|Any CPU
		{ACFF2B23-0518-493C-93A0-08CF9FD4F8E6}.Release|Any CPU.ActiveCfg = Release|Any CPU
		{ACFF2B23-0518-493C-93A0-08CF9FD4F8E6}.Release|Any CPU.Build.0 = Release|Any CPU
		{C10A11E5-4AD8-4229-81F1-57D7DC364E27}.Debug|Any CPU.ActiveCfg = Debug|Any CPU
		{C10A11E5-4AD8-4229-81F1-57D7DC364E27}.Debug|Any CPU.Build.0 = Debug|Any CPU
		{C10A11E5-4AD8-4229-81F1-57D7DC364E27}.Release|Any CPU.ActiveCfg = Release|Any CPU
		{C10A11E5-4AD8-4229-81F1-57D7DC364E27}.Release|Any CPU.Build.0 = Release|Any CPU
		{B1745099-0081-4443-BF79-26A888765E16}.Debug|Any CPU.ActiveCfg = Debug|Any CPU
		{B1745099-0081-4443-BF79-26A888765E16}.Debug|Any CPU.Build.0 = Debug|Any CPU
		{B1745099-0081-4443-BF79-26A888765E16}.Release|Any CPU.ActiveCfg = Release|Any CPU
		{B1745099-0081-4443-BF79-26A888765E16}.Release|Any CPU.Build.0 = Release|Any CPU
		{DE9532E8-F0ED-400B-9592-AF8F74BC83EB}.Debug|Any CPU.ActiveCfg = Debug|Any CPU
		{DE9532E8-F0ED-400B-9592-AF8F74BC83EB}.Debug|Any CPU.Build.0 = Debug|Any CPU
		{DE9532E8-F0ED-400B-9592-AF8F74BC83EB}.Release|Any CPU.ActiveCfg = Release|Any CPU
		{DE9532E8-F0ED-400B-9592-AF8F74BC83EB}.Release|Any CPU.Build.0 = Release|Any CPU
		{AAE1AC39-4C4B-48A9-8B7B-08D2CD461FC1}.Debug|Any CPU.ActiveCfg = Debug|Any CPU
		{AAE1AC39-4C4B-48A9-8B7B-08D2CD461FC1}.Debug|Any CPU.Build.0 = Debug|Any CPU
		{AAE1AC39-4C4B-48A9-8B7B-08D2CD461FC1}.Release|Any CPU.ActiveCfg = Release|Any CPU
		{AAE1AC39-4C4B-48A9-8B7B-08D2CD461FC1}.Release|Any CPU.Build.0 = Release|Any CPU
		{F8C7FE5E-B389-4BA8-B0DF-6D9D0A9B0949}.Debug|Any CPU.ActiveCfg = Debug|Any CPU
		{F8C7FE5E-B389-4BA8-B0DF-6D9D0A9B0949}.Debug|Any CPU.Build.0 = Debug|Any CPU
		{F8C7FE5E-B389-4BA8-B0DF-6D9D0A9B0949}.Release|Any CPU.ActiveCfg = Release|Any CPU
		{F8C7FE5E-B389-4BA8-B0DF-6D9D0A9B0949}.Release|Any CPU.Build.0 = Release|Any CPU
		{5E178B0D-5F29-4990-8DCF-DC7FF113C4F0}.Debug|Any CPU.ActiveCfg = Debug|Any CPU
		{5E178B0D-5F29-4990-8DCF-DC7FF113C4F0}.Debug|Any CPU.Build.0 = Debug|Any CPU
		{5E178B0D-5F29-4990-8DCF-DC7FF113C4F0}.Release|Any CPU.ActiveCfg = Release|Any CPU
		{5E178B0D-5F29-4990-8DCF-DC7FF113C4F0}.Release|Any CPU.Build.0 = Release|Any CPU
		{71D8BDA5-6787-471A-8064-CEEE4203EBEF}.Debug|Any CPU.ActiveCfg = Debug|Any CPU
		{71D8BDA5-6787-471A-8064-CEEE4203EBEF}.Debug|Any CPU.Build.0 = Debug|Any CPU
		{71D8BDA5-6787-471A-8064-CEEE4203EBEF}.Release|Any CPU.ActiveCfg = Release|Any CPU
		{71D8BDA5-6787-471A-8064-CEEE4203EBEF}.Release|Any CPU.Build.0 = Release|Any CPU
		{5E178B0D-5F29-4990-8DCF-DC7FF113C4F0}.Debug|Any CPU.ActiveCfg = Debug|Any CPU
		{5E178B0D-5F29-4990-8DCF-DC7FF113C4F0}.Debug|Any CPU.Build.0 = Debug|Any CPU
		{5E178B0D-5F29-4990-8DCF-DC7FF113C4F0}.Release|Any CPU.ActiveCfg = Release|Any CPU
		{5E178B0D-5F29-4990-8DCF-DC7FF113C4F0}.Release|Any CPU.Build.0 = Release|Any CPU
		{71D8BDA5-6787-471A-8064-CEEE4203EBEF}.Debug|Any CPU.ActiveCfg = Debug|Any CPU
		{71D8BDA5-6787-471A-8064-CEEE4203EBEF}.Debug|Any CPU.Build.0 = Debug|Any CPU
		{71D8BDA5-6787-471A-8064-CEEE4203EBEF}.Release|Any CPU.ActiveCfg = Release|Any CPU
		{71D8BDA5-6787-471A-8064-CEEE4203EBEF}.Release|Any CPU.Build.0 = Release|Any CPU
		{5BA1FF1B-8CB0-4FF5-B6C0-4E2E323D446E}.Debug|Any CPU.ActiveCfg = Debug|Any CPU
		{5BA1FF1B-8CB0-4FF5-B6C0-4E2E323D446E}.Debug|Any CPU.Build.0 = Debug|Any CPU
		{5BA1FF1B-8CB0-4FF5-B6C0-4E2E323D446E}.Release|Any CPU.ActiveCfg = Release|Any CPU
		{5BA1FF1B-8CB0-4FF5-B6C0-4E2E323D446E}.Release|Any CPU.Build.0 = Release|Any CPU
		{5B515690-0F0B-44D1-B644-3524A83A17CE}.Debug|Any CPU.ActiveCfg = Debug|Any CPU
		{5B515690-0F0B-44D1-B644-3524A83A17CE}.Debug|Any CPU.Build.0 = Debug|Any CPU
		{5B515690-0F0B-44D1-B644-3524A83A17CE}.Release|Any CPU.ActiveCfg = Release|Any CPU
		{5B515690-0F0B-44D1-B644-3524A83A17CE}.Release|Any CPU.Build.0 = Release|Any CPU
		{4AA1890A-1423-4831-95B2-E29B9A7A58D1}.Debug|Any CPU.ActiveCfg = Debug|Any CPU
		{4AA1890A-1423-4831-95B2-E29B9A7A58D1}.Debug|Any CPU.Build.0 = Debug|Any CPU
		{4AA1890A-1423-4831-95B2-E29B9A7A58D1}.Release|Any CPU.ActiveCfg = Release|Any CPU
		{4AA1890A-1423-4831-95B2-E29B9A7A58D1}.Release|Any CPU.Build.0 = Release|Any CPU
		{DDB0A249-BD1C-4556-BFE1-362B17EDA874}.Debug|Any CPU.ActiveCfg = Debug|Any CPU
		{DDB0A249-BD1C-4556-BFE1-362B17EDA874}.Debug|Any CPU.Build.0 = Debug|Any CPU
		{DDB0A249-BD1C-4556-BFE1-362B17EDA874}.Release|Any CPU.ActiveCfg = Release|Any CPU
		{DDB0A249-BD1C-4556-BFE1-362B17EDA874}.Release|Any CPU.Build.0 = Release|Any CPU
		{7BD60D6E-7B7E-4771-87C0-7F98FC82F990}.Debug|Any CPU.ActiveCfg = Debug|Any CPU
		{7BD60D6E-7B7E-4771-87C0-7F98FC82F990}.Debug|Any CPU.Build.0 = Debug|Any CPU
		{7BD60D6E-7B7E-4771-87C0-7F98FC82F990}.Release|Any CPU.ActiveCfg = Release|Any CPU
		{7BD60D6E-7B7E-4771-87C0-7F98FC82F990}.Release|Any CPU.Build.0 = Release|Any CPU
		{E4BF17BE-A517-4D3C-8DCA-DA99A100EBFE}.Debug|Any CPU.ActiveCfg = Debug|Any CPU
		{E4BF17BE-A517-4D3C-8DCA-DA99A100EBFE}.Debug|Any CPU.Build.0 = Debug|Any CPU
		{E4BF17BE-A517-4D3C-8DCA-DA99A100EBFE}.Release|Any CPU.ActiveCfg = Release|Any CPU
		{E4BF17BE-A517-4D3C-8DCA-DA99A100EBFE}.Release|Any CPU.Build.0 = Release|Any CPU
		{E9806703-6E24-4F05-A728-A04F7EB31749}.Debug|Any CPU.ActiveCfg = Debug|Any CPU
		{E9806703-6E24-4F05-A728-A04F7EB31749}.Debug|Any CPU.Build.0 = Debug|Any CPU
		{E9806703-6E24-4F05-A728-A04F7EB31749}.Release|Any CPU.ActiveCfg = Release|Any CPU
		{E9806703-6E24-4F05-A728-A04F7EB31749}.Release|Any CPU.Build.0 = Release|Any CPU
		{09A88256-8008-4085-A8E6-CA6DEFAC63E3}.Debug|Any CPU.ActiveCfg = Debug|Any CPU
		{09A88256-8008-4085-A8E6-CA6DEFAC63E3}.Debug|Any CPU.Build.0 = Debug|Any CPU
		{09A88256-8008-4085-A8E6-CA6DEFAC63E3}.Release|Any CPU.ActiveCfg = Release|Any CPU
		{09A88256-8008-4085-A8E6-CA6DEFAC63E3}.Release|Any CPU.Build.0 = Release|Any CPU
		{AB39B49E-729D-42EF-93DE-98AD6329AAEC}.Debug|Any CPU.ActiveCfg = Debug|Any CPU
		{AB39B49E-729D-42EF-93DE-98AD6329AAEC}.Debug|Any CPU.Build.0 = Debug|Any CPU
		{AB39B49E-729D-42EF-93DE-98AD6329AAEC}.Release|Any CPU.ActiveCfg = Release|Any CPU
		{AB39B49E-729D-42EF-93DE-98AD6329AAEC}.Release|Any CPU.Build.0 = Release|Any CPU
		{6F12A74A-BC4B-426D-B094-638FCB266FC6}.Debug|Any CPU.ActiveCfg = Debug|Any CPU
		{6F12A74A-BC4B-426D-B094-638FCB266FC6}.Debug|Any CPU.Build.0 = Debug|Any CPU
		{6F12A74A-BC4B-426D-B094-638FCB266FC6}.Release|Any CPU.ActiveCfg = Release|Any CPU
		{6F12A74A-BC4B-426D-B094-638FCB266FC6}.Release|Any CPU.Build.0 = Release|Any CPU
		{056D6390-6A39-4A5B-BFCE-7694CDD4EA62}.Debug|Any CPU.ActiveCfg = Debug|Any CPU
		{056D6390-6A39-4A5B-BFCE-7694CDD4EA62}.Debug|Any CPU.Build.0 = Debug|Any CPU
		{056D6390-6A39-4A5B-BFCE-7694CDD4EA62}.Release|Any CPU.ActiveCfg = Release|Any CPU
		{056D6390-6A39-4A5B-BFCE-7694CDD4EA62}.Release|Any CPU.Build.0 = Release|Any CPU
		{41FD20E7-5064-425F-B110-CEBD53F80ECA}.Debug|Any CPU.ActiveCfg = Debug|Any CPU
		{41FD20E7-5064-425F-B110-CEBD53F80ECA}.Debug|Any CPU.Build.0 = Debug|Any CPU
		{41FD20E7-5064-425F-B110-CEBD53F80ECA}.Release|Any CPU.ActiveCfg = Release|Any CPU
		{41FD20E7-5064-425F-B110-CEBD53F80ECA}.Release|Any CPU.Build.0 = Release|Any CPU
		{2623A6E2-125F-49B5-B8E1-5883B6E36C1A}.Debug|Any CPU.ActiveCfg = Debug|Any CPU
		{2623A6E2-125F-49B5-B8E1-5883B6E36C1A}.Debug|Any CPU.Build.0 = Debug|Any CPU
		{2623A6E2-125F-49B5-B8E1-5883B6E36C1A}.Release|Any CPU.ActiveCfg = Release|Any CPU
		{2623A6E2-125F-49B5-B8E1-5883B6E36C1A}.Release|Any CPU.Build.0 = Release|Any CPU
	EndGlobalSection
	GlobalSection(SolutionProperties) = preSolution
		HideSolutionNode = FALSE
	EndGlobalSection
	GlobalSection(ExtensibilityGlobals) = postSolution
		SolutionGuid = {2B420040-3D8C-4169-A5F0-30BDB8324F71}
	EndGlobalSection
	GlobalSection(NestedProjects) = preSolution
		{509D2739-D17C-4C20-969F-30EC4DE36DB9} = {46D790A2-EA9B-44A0-ABD2-A2A2CDC670D4}
		{4B574E49-9840-4548-A75D-C538FC691444} = {46D790A2-EA9B-44A0-ABD2-A2A2CDC670D4}
		{A9A7689C-3848-47B7-A718-554BB0778B97} = {46D790A2-EA9B-44A0-ABD2-A2A2CDC670D4}
		{6B5E0AB1-6E1E-40B5-9AA9-DAE9E6545FD3} = {DC47658A-F421-4BA4-B617-090A7DFB3900}
		{EB9804D1-3521-4FAB-BBEE-E41361B05A93} = {DC47658A-F421-4BA4-B617-090A7DFB3900}
		{812778D8-BAEA-4045-8D5D-77AF0CE8401B} = {46D790A2-EA9B-44A0-ABD2-A2A2CDC670D4}
		{2CC15B84-5D59-4300-9146-282181D72C53} = {DC47658A-F421-4BA4-B617-090A7DFB3900}
		{EEE1BE1A-4447-4BD5-B6CA-2228C64E9BC8} = {0CD963D2-392E-4A42-A853-532F7497C305}
		{65F8436A-614F-41B2-9D6E-2960C2A78865} = {DC47658A-F421-4BA4-B617-090A7DFB3900}
		{F33FBDCE-7140-4D9B-9383-76E4C2E6EC83} = {DC47658A-F421-4BA4-B617-090A7DFB3900}
		{BFE27507-5B63-44B9-87EE-D2E46989F3CE} = {46D790A2-EA9B-44A0-ABD2-A2A2CDC670D4}
		{568D81FE-858A-4052-B59B-9381E0FE604C} = {DC47658A-F421-4BA4-B617-090A7DFB3900}
		{9E1335F9-6C39-4B3F-9CEB-A65EEDDF798D} = {DC47658A-F421-4BA4-B617-090A7DFB3900}
		{6D75D6A2-6ECD-4DE4-96C5-CAD7D134407A} = {46D790A2-EA9B-44A0-ABD2-A2A2CDC670D4}
		{65E0FCC8-1908-409E-8214-9A9F5EC29402} = {6D75D6A2-6ECD-4DE4-96C5-CAD7D134407A}
		{75867550-1DE2-4FBB-9FC1-BA840984AF49} = {DC47658A-F421-4BA4-B617-090A7DFB3900}
		{B684B864-31BF-407E-9ED9-A95D32BC4FE2} = {6D75D6A2-6ECD-4DE4-96C5-CAD7D134407A}
		{BA828B35-E9B7-4F18-B139-7F000B267D4C} = {6D75D6A2-6ECD-4DE4-96C5-CAD7D134407A}
		{42628040-A753-48AC-A1B8-0FB90D2BD278} = {6D75D6A2-6ECD-4DE4-96C5-CAD7D134407A}
		{7EECB9FB-A6B0-4C3F-95B6-8ADD86ADF8B8} = {6D75D6A2-6ECD-4DE4-96C5-CAD7D134407A}
		{3BD1A79F-D464-4103-81FD-21E88E5B08A3} = {46D790A2-EA9B-44A0-ABD2-A2A2CDC670D4}
		{EB83D7C7-7070-4035-8CB8-70A764AF7670} = {DC47658A-F421-4BA4-B617-090A7DFB3900}
		{05630598-5446-4940-B2AA-FC6C0DD94A10} = {6D75D6A2-6ECD-4DE4-96C5-CAD7D134407A}
		{B3B78CE6-2EE5-4175-911B-C33792F5745A} = {DC47658A-F421-4BA4-B617-090A7DFB3900}
		{E71BF902-1508-418A-8A01-8ECC26C10F79} = {6D75D6A2-6ECD-4DE4-96C5-CAD7D134407A}
		{64688FA7-136C-4BB9-B716-4E96DD0AA82F} = {DC47658A-F421-4BA4-B617-090A7DFB3900}
		{6ED33E82-DE98-4246-9763-06C80EDAE6C0} = {6D75D6A2-6ECD-4DE4-96C5-CAD7D134407A}
		{00B0132F-E0B0-46BB-844E-7B4F27A0E6C7} = {DC47658A-F421-4BA4-B617-090A7DFB3900}
		{6C926D82-E1E6-45CA-B92D-2C4F5D664CD0} = {6D75D6A2-6ECD-4DE4-96C5-CAD7D134407A}
		{A3D8F2EB-59E4-44AB-B036-4BC0DB7D2774} = {DC47658A-F421-4BA4-B617-090A7DFB3900}
		{CD032D37-3BC8-4DE8-8C5B-45A0DE36932E} = {DC47658A-F421-4BA4-B617-090A7DFB3900}
		{FCC3C10E-9CA8-4DF1-A508-339678846032} = {DC47658A-F421-4BA4-B617-090A7DFB3900}
		{A533CF48-1BE5-4F0E-A636-941ED63DF9ED} = {6D75D6A2-6ECD-4DE4-96C5-CAD7D134407A}
		{CBE9F195-758F-470D-B3BF-6B012C8216CC} = {DC47658A-F421-4BA4-B617-090A7DFB3900}
		{0538B9AB-B556-45BF-8230-53087BA9D353} = {DC47658A-F421-4BA4-B617-090A7DFB3900}
		{570CEDDA-7EBC-486D-BD5D-0A1C39DD69F8} = {DC47658A-F421-4BA4-B617-090A7DFB3900}
		{1D3B25FA-F807-4428-A520-878A582DCF28} = {DC47658A-F421-4BA4-B617-090A7DFB3900}
		{42BCE01C-EBEF-4DB6-A61C-35B63C915AD3} = {6D75D6A2-6ECD-4DE4-96C5-CAD7D134407A}
		{65F795D5-058D-4F8D-B8E0-BE3F64E14CDF} = {DC47658A-F421-4BA4-B617-090A7DFB3900}
		{9EF4D340-0C49-4A15-9BCF-6CD9508AA7DE} = {6D75D6A2-6ECD-4DE4-96C5-CAD7D134407A}
		{28C14D85-DD8A-4933-A0A0-B655682B5D02} = {DC47658A-F421-4BA4-B617-090A7DFB3900}
		{2D2D3AC6-C8BD-4615-BCC7-9A64007DB762} = {6D75D6A2-6ECD-4DE4-96C5-CAD7D134407A}
		{AB316816-F301-4693-86E8-C31E78F53A59} = {DC47658A-F421-4BA4-B617-090A7DFB3900}
		{098D1F9B-054D-4158-BB6C-AC908C4595F6} = {6D75D6A2-6ECD-4DE4-96C5-CAD7D134407A}
		{1D8DBFC8-EC21-4DDA-9D88-DE7CA04C8449} = {DC47658A-F421-4BA4-B617-090A7DFB3900}
		{7401429B-B842-4316-B7A2-B77E9AD966CB} = {6D75D6A2-6ECD-4DE4-96C5-CAD7D134407A}
		{C10A11E5-4AD8-4229-81F1-57D7DC364E27} = {DC47658A-F421-4BA4-B617-090A7DFB3900}
		{B1745099-0081-4443-BF79-26A888765E16} = {6D75D6A2-6ECD-4DE4-96C5-CAD7D134407A}
		{5E178B0D-5F29-4990-8DCF-DC7FF113C4F0} = {DC47658A-F421-4BA4-B617-090A7DFB3900}
		{71D8BDA5-6787-471A-8064-CEEE4203EBEF} = {6D75D6A2-6ECD-4DE4-96C5-CAD7D134407A}
		{ACFF2B23-0518-493C-93A0-08CF9FD4F8E6} = {DC47658A-F421-4BA4-B617-090A7DFB3900}
		{DE9532E8-F0ED-400B-9592-AF8F74BC83EB} = {6D75D6A2-6ECD-4DE4-96C5-CAD7D134407A}
		{AAE1AC39-4C4B-48A9-8B7B-08D2CD461FC1} = {DC47658A-F421-4BA4-B617-090A7DFB3900}
		{F8C7FE5E-B389-4BA8-B0DF-6D9D0A9B0949} = {6D75D6A2-6ECD-4DE4-96C5-CAD7D134407A}
		{5BA1FF1B-8CB0-4FF5-B6C0-4E2E323D446E} = {DC47658A-F421-4BA4-B617-090A7DFB3900}
		{5B515690-0F0B-44D1-B644-3524A83A17CE} = {6D75D6A2-6ECD-4DE4-96C5-CAD7D134407A}
		{4AA1890A-1423-4831-95B2-E29B9A7A58D1} = {6D75D6A2-6ECD-4DE4-96C5-CAD7D134407A}
		{DDB0A249-BD1C-4556-BFE1-362B17EDA874} = {DC47658A-F421-4BA4-B617-090A7DFB3900}
		{7BD60D6E-7B7E-4771-87C0-7F98FC82F990} = {6D75D6A2-6ECD-4DE4-96C5-CAD7D134407A}
		{E4BF17BE-A517-4D3C-8DCA-DA99A100EBFE} = {6D75D6A2-6ECD-4DE4-96C5-CAD7D134407A}
		{E9806703-6E24-4F05-A728-A04F7EB31749} = {DC47658A-F421-4BA4-B617-090A7DFB3900}
		{09A88256-8008-4085-A8E6-CA6DEFAC63E3} = {6D75D6A2-6ECD-4DE4-96C5-CAD7D134407A}
		{41FD20E7-5064-425F-B110-CEBD53F80ECA} = {DC47658A-F421-4BA4-B617-090A7DFB3900}
		{2623A6E2-125F-49B5-B8E1-5883B6E36C1A} = {6D75D6A2-6ECD-4DE4-96C5-CAD7D134407A}
		{AB39B49E-729D-42EF-93DE-98AD6329AAEC} = {DC47658A-F421-4BA4-B617-090A7DFB3900}
		{6F12A74A-BC4B-426D-B094-638FCB266FC6} = {DC47658A-F421-4BA4-B617-090A7DFB3900}
		{056D6390-6A39-4A5B-BFCE-7694CDD4EA62} = {DC47658A-F421-4BA4-B617-090A7DFB3900}
	EndGlobalSection
EndGlobal
