Microsoft Visual Studio Solution File, Format Version 12.00
# Visual Studio Version 17
VisualStudioVersion = 17.0.32112.339
MinimumVisualStudioVersion = 10.0.40219.1
Project("{9A19103F-16F7-4668-BE54-9A1E7A4F7556}") = "EvoSC.Tests", "tests\EvoSC.Tests\EvoSC.Tests.csproj", "{509D2739-D17C-4C20-969F-30EC4DE36DB9}"
EndProject
Project("{FAE04EC0-301F-11D3-BF4B-00C04F79EFBC}") = "EvoSC.Common", "src\EvoSC.Common\EvoSC.Common.csproj", "{CC4D3C92-46D2-4F66-A9F4-1134B8B95EE5}"
EndProject
Project("{2150E333-8FDC-42A3-9474-1A3956D46DE8}") = "Tests", "Tests", "{46D790A2-EA9B-44A0-ABD2-A2A2CDC670D4}"
EndProject
Project("{FAE04EC0-301F-11D3-BF4B-00C04F79EFBC}") = "EvoSC.CLI", "src\EvoSC.CLI\EvoSC.CLI.csproj", "{38EE6094-4F72-4405-AC76-ED43521B2AF7}"
EndProject
Project("{FAE04EC0-301F-11D3-BF4B-00C04F79EFBC}") = "EvoSC", "src\EvoSC\EvoSC.csproj", "{89E09B46-B31C-473E-AD6F-E43E04285125}"
EndProject
Project("{FAE04EC0-301F-11D3-BF4B-00C04F79EFBC}") = "EvoSC.CLI.Tests", "tests\EvoSC.CLI.Tests\EvoSC.CLI.Tests.csproj", "{4B574E49-9840-4548-A75D-C538FC691444}"
EndProject
Project("{FAE04EC0-301F-11D3-BF4B-00C04F79EFBC}") = "EvoSC.Common.Tests", "tests\EvoSC.Common.Tests\EvoSC.Common.Tests.csproj", "{A9A7689C-3848-47B7-A718-554BB0778B97}"
EndProject
Project("{FAE04EC0-301F-11D3-BF4B-00C04F79EFBC}") = "EvoSC.Modules", "src\EvoSC.Modules\EvoSC.Modules.csproj", "{30365FB7-7E09-49A8-85AE-AA280365784A}"
EndProject
Project("{FAE04EC0-301F-11D3-BF4B-00C04F79EFBC}") = "EvoSC.Commands", "src\EvoSC.Commands\EvoSC.Commands.csproj", "{AF7C5B3F-5FB5-49E3-83E6-809AB0FFBBE3}"
EndProject
Project("{2150E333-8FDC-42A3-9474-1A3956D46DE8}") = "Modules", "Modules", "{DC47658A-F421-4BA4-B617-090A7DFB3900}"
EndProject
Project("{FAE04EC0-301F-11D3-BF4B-00C04F79EFBC}") = "Player", "src\Modules\Player\Player.csproj", "{6B5E0AB1-6E1E-40B5-9AA9-DAE9E6545FD3}"
EndProject
Project("{FAE04EC0-301F-11D3-BF4B-00C04F79EFBC}") = "ExampleModule", "src\Modules\ExampleModule\ExampleModule.csproj", "{EB9804D1-3521-4FAB-BBEE-E41361B05A93}"
EndProject
Project("{FAE04EC0-301F-11D3-BF4B-00C04F79EFBC}") = "EvoSC.Commands.Tests", "tests\EvoSC.Commands.Tests\EvoSC.Commands.Tests.csproj", "{812778D8-BAEA-4045-8D5D-77AF0CE8401B}"
EndProject
Project("{FAE04EC0-301F-11D3-BF4B-00C04F79EFBC}") = "MapsModule", "src\Modules\MapsModule\MapsModule.csproj", "{2CC15B84-5D59-4300-9146-282181D72C53}"
EndProject
Project("{2150E333-8FDC-42A3-9474-1A3956D46DE8}") = "Examples", "Examples", "{0CD963D2-392E-4A42-A853-532F7497C305}"
EndProject
Project("{FAE04EC0-301F-11D3-BF4B-00C04F79EFBC}") = "SimpleModule", "examples\SimpleModule\SimpleModule.csproj", "{EEE1BE1A-4447-4BD5-B6CA-2228C64E9BC8}"
EndProject
Project("{FAE04EC0-301F-11D3-BF4B-00C04F79EFBC}") = "EvoSC.Modules.SourceGeneration", "src\EvoSC.Modules.SourceGeneration\EvoSC.Modules.SourceGeneration.csproj", "{5C281145-BAC2-4999-B88B-41CE288758E4}"
EndProject
Project("{FAE04EC0-301F-11D3-BF4B-00C04F79EFBC}") = "PlayerRecords", "src\Modules\PlayerRecords\PlayerRecords.csproj", "{65F8436A-614F-41B2-9D6E-2960C2A78865}"
EndProject
Project("{FAE04EC0-301F-11D3-BF4B-00C04F79EFBC}") = "MatchManagerModule", "src\Modules\MatchManagerModule\MatchManagerModule.csproj", "{F33FBDCE-7140-4D9B-9383-76E4C2E6EC83}"
EndProject
Global
	GlobalSection(SolutionConfigurationPlatforms) = preSolution
		Debug|Any CPU = Debug|Any CPU
		Release|Any CPU = Release|Any CPU
	EndGlobalSection
	GlobalSection(ProjectConfigurationPlatforms) = postSolution
		{509D2739-D17C-4C20-969F-30EC4DE36DB9}.Debug|Any CPU.ActiveCfg = Debug|Any CPU
		{509D2739-D17C-4C20-969F-30EC4DE36DB9}.Debug|Any CPU.Build.0 = Debug|Any CPU
		{509D2739-D17C-4C20-969F-30EC4DE36DB9}.Release|Any CPU.ActiveCfg = Release|Any CPU
		{509D2739-D17C-4C20-969F-30EC4DE36DB9}.Release|Any CPU.Build.0 = Release|Any CPU
		{CC4D3C92-46D2-4F66-A9F4-1134B8B95EE5}.Debug|Any CPU.ActiveCfg = Debug|Any CPU
		{CC4D3C92-46D2-4F66-A9F4-1134B8B95EE5}.Debug|Any CPU.Build.0 = Debug|Any CPU
		{CC4D3C92-46D2-4F66-A9F4-1134B8B95EE5}.Release|Any CPU.ActiveCfg = Release|Any CPU
		{CC4D3C92-46D2-4F66-A9F4-1134B8B95EE5}.Release|Any CPU.Build.0 = Release|Any CPU
		{38EE6094-4F72-4405-AC76-ED43521B2AF7}.Debug|Any CPU.ActiveCfg = Debug|Any CPU
		{38EE6094-4F72-4405-AC76-ED43521B2AF7}.Debug|Any CPU.Build.0 = Debug|Any CPU
		{38EE6094-4F72-4405-AC76-ED43521B2AF7}.Release|Any CPU.ActiveCfg = Release|Any CPU
		{38EE6094-4F72-4405-AC76-ED43521B2AF7}.Release|Any CPU.Build.0 = Release|Any CPU
		{89E09B46-B31C-473E-AD6F-E43E04285125}.Debug|Any CPU.ActiveCfg = Debug|Any CPU
		{89E09B46-B31C-473E-AD6F-E43E04285125}.Debug|Any CPU.Build.0 = Debug|Any CPU
		{89E09B46-B31C-473E-AD6F-E43E04285125}.Release|Any CPU.ActiveCfg = Release|Any CPU
		{89E09B46-B31C-473E-AD6F-E43E04285125}.Release|Any CPU.Build.0 = Release|Any CPU
		{4B574E49-9840-4548-A75D-C538FC691444}.Debug|Any CPU.ActiveCfg = Debug|Any CPU
		{4B574E49-9840-4548-A75D-C538FC691444}.Debug|Any CPU.Build.0 = Debug|Any CPU
		{4B574E49-9840-4548-A75D-C538FC691444}.Release|Any CPU.ActiveCfg = Release|Any CPU
		{4B574E49-9840-4548-A75D-C538FC691444}.Release|Any CPU.Build.0 = Release|Any CPU
		{A9A7689C-3848-47B7-A718-554BB0778B97}.Debug|Any CPU.ActiveCfg = Debug|Any CPU
		{A9A7689C-3848-47B7-A718-554BB0778B97}.Debug|Any CPU.Build.0 = Debug|Any CPU
		{A9A7689C-3848-47B7-A718-554BB0778B97}.Release|Any CPU.ActiveCfg = Release|Any CPU
		{A9A7689C-3848-47B7-A718-554BB0778B97}.Release|Any CPU.Build.0 = Release|Any CPU
		{30365FB7-7E09-49A8-85AE-AA280365784A}.Debug|Any CPU.ActiveCfg = Debug|Any CPU
		{30365FB7-7E09-49A8-85AE-AA280365784A}.Debug|Any CPU.Build.0 = Debug|Any CPU
		{30365FB7-7E09-49A8-85AE-AA280365784A}.Release|Any CPU.ActiveCfg = Release|Any CPU
		{30365FB7-7E09-49A8-85AE-AA280365784A}.Release|Any CPU.Build.0 = Release|Any CPU
		{AF7C5B3F-5FB5-49E3-83E6-809AB0FFBBE3}.Debug|Any CPU.ActiveCfg = Debug|Any CPU
		{AF7C5B3F-5FB5-49E3-83E6-809AB0FFBBE3}.Debug|Any CPU.Build.0 = Debug|Any CPU
		{AF7C5B3F-5FB5-49E3-83E6-809AB0FFBBE3}.Release|Any CPU.ActiveCfg = Release|Any CPU
		{AF7C5B3F-5FB5-49E3-83E6-809AB0FFBBE3}.Release|Any CPU.Build.0 = Release|Any CPU
		{6B5E0AB1-6E1E-40B5-9AA9-DAE9E6545FD3}.Debug|Any CPU.ActiveCfg = Debug|Any CPU
		{6B5E0AB1-6E1E-40B5-9AA9-DAE9E6545FD3}.Debug|Any CPU.Build.0 = Debug|Any CPU
		{6B5E0AB1-6E1E-40B5-9AA9-DAE9E6545FD3}.Release|Any CPU.ActiveCfg = Release|Any CPU
		{6B5E0AB1-6E1E-40B5-9AA9-DAE9E6545FD3}.Release|Any CPU.Build.0 = Release|Any CPU
		{EB9804D1-3521-4FAB-BBEE-E41361B05A93}.Debug|Any CPU.ActiveCfg = Debug|Any CPU
		{EB9804D1-3521-4FAB-BBEE-E41361B05A93}.Debug|Any CPU.Build.0 = Debug|Any CPU
		{EB9804D1-3521-4FAB-BBEE-E41361B05A93}.Release|Any CPU.ActiveCfg = Release|Any CPU
		{EB9804D1-3521-4FAB-BBEE-E41361B05A93}.Release|Any CPU.Build.0 = Release|Any CPU
		{812778D8-BAEA-4045-8D5D-77AF0CE8401B}.Debug|Any CPU.ActiveCfg = Debug|Any CPU
		{812778D8-BAEA-4045-8D5D-77AF0CE8401B}.Debug|Any CPU.Build.0 = Debug|Any CPU
		{812778D8-BAEA-4045-8D5D-77AF0CE8401B}.Release|Any CPU.ActiveCfg = Release|Any CPU
		{812778D8-BAEA-4045-8D5D-77AF0CE8401B}.Release|Any CPU.Build.0 = Release|Any CPU
		{2CC15B84-5D59-4300-9146-282181D72C53}.Debug|Any CPU.ActiveCfg = Debug|Any CPU
		{2CC15B84-5D59-4300-9146-282181D72C53}.Debug|Any CPU.Build.0 = Debug|Any CPU
		{2CC15B84-5D59-4300-9146-282181D72C53}.Release|Any CPU.ActiveCfg = Release|Any CPU
		{2CC15B84-5D59-4300-9146-282181D72C53}.Release|Any CPU.Build.0 = Release|Any CPU
		{EEE1BE1A-4447-4BD5-B6CA-2228C64E9BC8}.Debug|Any CPU.ActiveCfg = Debug|Any CPU
		{EEE1BE1A-4447-4BD5-B6CA-2228C64E9BC8}.Debug|Any CPU.Build.0 = Debug|Any CPU
		{EEE1BE1A-4447-4BD5-B6CA-2228C64E9BC8}.Release|Any CPU.ActiveCfg = Release|Any CPU
		{EEE1BE1A-4447-4BD5-B6CA-2228C64E9BC8}.Release|Any CPU.Build.0 = Release|Any CPU
		{5C281145-BAC2-4999-B88B-41CE288758E4}.Debug|Any CPU.ActiveCfg = Debug|Any CPU
		{5C281145-BAC2-4999-B88B-41CE288758E4}.Debug|Any CPU.Build.0 = Debug|Any CPU
		{5C281145-BAC2-4999-B88B-41CE288758E4}.Release|Any CPU.ActiveCfg = Release|Any CPU
		{5C281145-BAC2-4999-B88B-41CE288758E4}.Release|Any CPU.Build.0 = Release|Any CPU
		{65F8436A-614F-41B2-9D6E-2960C2A78865}.Debug|Any CPU.ActiveCfg = Debug|Any CPU
		{65F8436A-614F-41B2-9D6E-2960C2A78865}.Debug|Any CPU.Build.0 = Debug|Any CPU
		{65F8436A-614F-41B2-9D6E-2960C2A78865}.Release|Any CPU.ActiveCfg = Release|Any CPU
		{65F8436A-614F-41B2-9D6E-2960C2A78865}.Release|Any CPU.Build.0 = Release|Any CPU
		{F33FBDCE-7140-4D9B-9383-76E4C2E6EC83}.Debug|Any CPU.ActiveCfg = Debug|Any CPU
		{F33FBDCE-7140-4D9B-9383-76E4C2E6EC83}.Debug|Any CPU.Build.0 = Debug|Any CPU
		{F33FBDCE-7140-4D9B-9383-76E4C2E6EC83}.Release|Any CPU.ActiveCfg = Release|Any CPU
		{F33FBDCE-7140-4D9B-9383-76E4C2E6EC83}.Release|Any CPU.Build.0 = Release|Any CPU
	EndGlobalSection
	GlobalSection(SolutionProperties) = preSolution
		HideSolutionNode = FALSE
	EndGlobalSection
	GlobalSection(ExtensibilityGlobals) = postSolution
		SolutionGuid = {2B420040-3D8C-4169-A5F0-30BDB8324F71}
	EndGlobalSection
	GlobalSection(NestedProjects) = preSolution
		{509D2739-D17C-4C20-969F-30EC4DE36DB9} = {46D790A2-EA9B-44A0-ABD2-A2A2CDC670D4}
		{4B574E49-9840-4548-A75D-C538FC691444} = {46D790A2-EA9B-44A0-ABD2-A2A2CDC670D4}
		{A9A7689C-3848-47B7-A718-554BB0778B97} = {46D790A2-EA9B-44A0-ABD2-A2A2CDC670D4}
		{6B5E0AB1-6E1E-40B5-9AA9-DAE9E6545FD3} = {DC47658A-F421-4BA4-B617-090A7DFB3900}
		{EB9804D1-3521-4FAB-BBEE-E41361B05A93} = {DC47658A-F421-4BA4-B617-090A7DFB3900}
		{812778D8-BAEA-4045-8D5D-77AF0CE8401B} = {46D790A2-EA9B-44A0-ABD2-A2A2CDC670D4}
		{2CC15B84-5D59-4300-9146-282181D72C53} = {DC47658A-F421-4BA4-B617-090A7DFB3900}
		{EEE1BE1A-4447-4BD5-B6CA-2228C64E9BC8} = {0CD963D2-392E-4A42-A853-532F7497C305}
		{65F8436A-614F-41B2-9D6E-2960C2A78865} = {DC47658A-F421-4BA4-B617-090A7DFB3900}
		{F33FBDCE-7140-4D9B-9383-76E4C2E6EC83} = {DC47658A-F421-4BA4-B617-090A7DFB3900}
	EndGlobalSection
EndGlobal
